
Microsoft Visual Studio Solution File, Format Version 12.00
# Visual Studio Version 17
VisualStudioVersion = 17.11.35303.130
MinimumVisualStudioVersion = 10.0.40219.1
Project("{9A19103F-16F7-4668-BE54-9A1E7A4F7556}") = "M7Tarea1.Server", "M7Tarea1.Server\M7Tarea1.Server.csproj", "{C2F16B8A-F705-46B9-AD45-ED8AB68A7B9B}"
EndProject
Project("{54A90642-561A-4BB1-A94E-469ADEE60C69}") = "m7tarea1.client", "m7tarea1.client\m7tarea1.client.esproj", "{EA2128D4-5B73-4DBA-9790-71E40E234DDF}"
EndProject
Project("{9A19103F-16F7-4668-BE54-9A1E7A4F7556}") = "Test-Xunit", "Test-Xunit\Test-Xunit.csproj", "{4096E65E-851E-4C20-BF3E-D5844EC0A2D0}"
EndProject
Project("{2150E333-8FDC-42A3-9474-1A3956D46DE8}") = "Solution Items", "Solution Items", "{AFCEF3F3-E191-4BAE-B125-324FC0EFD9C8}"
	ProjectSection(SolutionItems) = preProject
		BE.web.config = BE.web.config
		FE.web.config = FE.web.config
		jenkinsfileBE.groovy = jenkinsfileBE.groovy
		jenkinsfileFE.groovy = jenkinsfileFE.groovy
		M7G2_BD_Initial_script.sql = M7G2_BD_Initial_script.sql
	EndProjectSection
EndProject
Global
	GlobalSection(SolutionConfigurationPlatforms) = preSolution
		Debug|Any CPU = Debug|Any CPU
		Release|Any CPU = Release|Any CPU
	EndGlobalSection
	GlobalSection(ProjectConfigurationPlatforms) = postSolution
		{C2F16B8A-F705-46B9-AD45-ED8AB68A7B9B}.Debug|Any CPU.ActiveCfg = Debug|Any CPU
		{C2F16B8A-F705-46B9-AD45-ED8AB68A7B9B}.Debug|Any CPU.Build.0 = Debug|Any CPU
		{C2F16B8A-F705-46B9-AD45-ED8AB68A7B9B}.Release|Any CPU.ActiveCfg = Release|Any CPU
		{C2F16B8A-F705-46B9-AD45-ED8AB68A7B9B}.Release|Any CPU.Build.0 = Release|Any CPU
		{EA2128D4-5B73-4DBA-9790-71E40E234DDF}.Debug|Any CPU.ActiveCfg = Debug|Any CPU
		{EA2128D4-5B73-4DBA-9790-71E40E234DDF}.Debug|Any CPU.Build.0 = Debug|Any CPU
		{EA2128D4-5B73-4DBA-9790-71E40E234DDF}.Debug|Any CPU.Deploy.0 = Debug|Any CPU
		{EA2128D4-5B73-4DBA-9790-71E40E234DDF}.Release|Any CPU.ActiveCfg = Release|Any CPU
		{EA2128D4-5B73-4DBA-9790-71E40E234DDF}.Release|Any CPU.Build.0 = Release|Any CPU
		{EA2128D4-5B73-4DBA-9790-71E40E234DDF}.Release|Any CPU.Deploy.0 = Release|Any CPU
		{4096E65E-851E-4C20-BF3E-D5844EC0A2D0}.Debug|Any CPU.ActiveCfg = Debug|Any CPU
		{4096E65E-851E-4C20-BF3E-D5844EC0A2D0}.Debug|Any CPU.Build.0 = Debug|Any CPU
		{4096E65E-851E-4C20-BF3E-D5844EC0A2D0}.Release|Any CPU.ActiveCfg = Release|Any CPU
		{4096E65E-851E-4C20-BF3E-D5844EC0A2D0}.Release|Any CPU.Build.0 = Release|Any CPU
	EndGlobalSection
	GlobalSection(SolutionProperties) = preSolution
		HideSolutionNode = FALSE
	EndGlobalSection
	GlobalSection(ExtensibilityGlobals) = postSolution
		SolutionGuid = {946D1BFF-8080-431C-A363-BE10202D2954}
	EndGlobalSection
EndGlobal
